
Microsoft Visual Studio Solution File, Format Version 12.00
# Visual Studio Version 16
VisualStudioVersion = 16.0.29215.179
MinimumVisualStudioVersion = 10.0.40219.1
Project("{888888A0-9F3D-457C-B088-3A5042F75D52}") = "pyDirectInputKeySend", "pyDirectInputKeySend.pyproj", "{9F45EA09-E681-4930-94B8-5B1E00C7652A}"
EndProject
Global
	GlobalSection(SolutionConfigurationPlatforms) = preSolution
		Debug|Any CPU = Debug|Any CPU
		Release|Any CPU = Release|Any CPU
	EndGlobalSection
	GlobalSection(ProjectConfigurationPlatforms) = postSolution
		{9F45EA09-E681-4930-94B8-5B1E00C7652A}.Debug|Any CPU.ActiveCfg = Debug|Any CPU
		{9F45EA09-E681-4930-94B8-5B1E00C7652A}.Release|Any CPU.ActiveCfg = Release|Any CPU
	EndGlobalSection
	GlobalSection(SolutionProperties) = preSolution
		HideSolutionNode = FALSE
	EndGlobalSection
	GlobalSection(ExtensibilityGlobals) = postSolution
		SolutionGuid = {659509B7-AB7A-4CF6-A1B1-C7D6B2D285BE}
	EndGlobalSection
EndGlobal
